
Microsoft Visual Studio Solution File, Format Version 11.00
# Visual Studio 2010
Project("{FAE04EC0-301F-11D3-BF4B-00C04F79EFBC}") = "Disruptor", "Disruptor\Disruptor.csproj", "{37FBDBE1-8524-4489-B082-CC109B0F5EA3}"
EndProject
Project("{FAE04EC0-301F-11D3-BF4B-00C04F79EFBC}") = "Atomic", "Atomic\Atomic.csproj", "{BDB4336E-54F2-475D-8193-B730C522261F}"
EndProject
Project("{2150E333-8FDC-42A3-9474-1A3956D46DE8}") = "Disruptor2.x", "Disruptor2.x", "{62B53C02-E387-4726-8A0A-40DA30D61D74}"
EndProject
Project("{FAE04EC0-301F-11D3-BF4B-00C04F79EFBC}") = "Common", "Common\Common.csproj", "{03D4FC07-C020-4A99-A60F-1CF906B5DD90}"
EndProject
Project("{FAE04EC0-301F-11D3-BF4B-00C04F79EFBC}") = "Consumer", "Consumer\Consumer.csproj", "{76BAE755-C39E-49D2-995D-E3726A52F5C5}"
EndProject
Project("{FAE04EC0-301F-11D3-BF4B-00C04F79EFBC}") = "Publisher", "Publisher\Publisher.csproj", "{36365353-3D82-4D47-9897-E89BC188E4CB}"
EndProject
Global
	GlobalSection(SolutionConfigurationPlatforms) = preSolution
		Debug|Any CPU = Debug|Any CPU
		Debug|Mixed Platforms = Debug|Mixed Platforms
		Debug|x86 = Debug|x86
		MonoTouch|Any CPU = MonoTouch|Any CPU
		MonoTouch|Mixed Platforms = MonoTouch|Mixed Platforms
		MonoTouch|x86 = MonoTouch|x86
		Release|Any CPU = Release|Any CPU
		Release|Mixed Platforms = Release|Mixed Platforms
		Release|x86 = Release|x86
		STATIC_ONLY NO_EXPRESSIONS|Any CPU = STATIC_ONLY NO_EXPRESSIONS|Any CPU
		STATIC_ONLY NO_EXPRESSIONS|Mixed Platforms = STATIC_ONLY NO_EXPRESSIONS|Mixed Platforms
		STATIC_ONLY NO_EXPRESSIONS|x86 = STATIC_ONLY NO_EXPRESSIONS|x86
	EndGlobalSection
	GlobalSection(ProjectConfigurationPlatforms) = postSolution
		{37FBDBE1-8524-4489-B082-CC109B0F5EA3}.Debug|Any CPU.ActiveCfg = Debug|Any CPU
		{37FBDBE1-8524-4489-B082-CC109B0F5EA3}.Debug|Any CPU.Build.0 = Debug|Any CPU
		{37FBDBE1-8524-4489-B082-CC109B0F5EA3}.Debug|Mixed Platforms.ActiveCfg = Debug|Any CPU
		{37FBDBE1-8524-4489-B082-CC109B0F5EA3}.Debug|Mixed Platforms.Build.0 = Debug|Any CPU
		{37FBDBE1-8524-4489-B082-CC109B0F5EA3}.Debug|x86.ActiveCfg = Debug|Any CPU
		{37FBDBE1-8524-4489-B082-CC109B0F5EA3}.MonoTouch|Any CPU.ActiveCfg = Release|Any CPU
		{37FBDBE1-8524-4489-B082-CC109B0F5EA3}.MonoTouch|Any CPU.Build.0 = Release|Any CPU
		{37FBDBE1-8524-4489-B082-CC109B0F5EA3}.MonoTouch|Mixed Platforms.ActiveCfg = Release|Any CPU
		{37FBDBE1-8524-4489-B082-CC109B0F5EA3}.MonoTouch|Mixed Platforms.Build.0 = Release|Any CPU
		{37FBDBE1-8524-4489-B082-CC109B0F5EA3}.MonoTouch|x86.ActiveCfg = Release|Any CPU
		{37FBDBE1-8524-4489-B082-CC109B0F5EA3}.Release|Any CPU.ActiveCfg = Release|Any CPU
		{37FBDBE1-8524-4489-B082-CC109B0F5EA3}.Release|Any CPU.Build.0 = Release|Any CPU
		{37FBDBE1-8524-4489-B082-CC109B0F5EA3}.Release|Mixed Platforms.ActiveCfg = Release|Any CPU
		{37FBDBE1-8524-4489-B082-CC109B0F5EA3}.Release|Mixed Platforms.Build.0 = Release|Any CPU
		{37FBDBE1-8524-4489-B082-CC109B0F5EA3}.Release|x86.ActiveCfg = Release|Any CPU
		{37FBDBE1-8524-4489-B082-CC109B0F5EA3}.STATIC_ONLY NO_EXPRESSIONS|Any CPU.ActiveCfg = Release|Any CPU
		{37FBDBE1-8524-4489-B082-CC109B0F5EA3}.STATIC_ONLY NO_EXPRESSIONS|Any CPU.Build.0 = Release|Any CPU
		{37FBDBE1-8524-4489-B082-CC109B0F5EA3}.STATIC_ONLY NO_EXPRESSIONS|Mixed Platforms.ActiveCfg = Release|Any CPU
		{37FBDBE1-8524-4489-B082-CC109B0F5EA3}.STATIC_ONLY NO_EXPRESSIONS|Mixed Platforms.Build.0 = Release|Any CPU
		{37FBDBE1-8524-4489-B082-CC109B0F5EA3}.STATIC_ONLY NO_EXPRESSIONS|x86.ActiveCfg = Release|Any CPU
		{BDB4336E-54F2-475D-8193-B730C522261F}.Debug|Any CPU.ActiveCfg = Debug|Any CPU
		{BDB4336E-54F2-475D-8193-B730C522261F}.Debug|Any CPU.Build.0 = Debug|Any CPU
		{BDB4336E-54F2-475D-8193-B730C522261F}.Debug|Mixed Platforms.ActiveCfg = Debug|Any CPU
		{BDB4336E-54F2-475D-8193-B730C522261F}.Debug|Mixed Platforms.Build.0 = Debug|Any CPU
		{BDB4336E-54F2-475D-8193-B730C522261F}.Debug|x86.ActiveCfg = Debug|Any CPU
		{BDB4336E-54F2-475D-8193-B730C522261F}.MonoTouch|Any CPU.ActiveCfg = Release|Any CPU
		{BDB4336E-54F2-475D-8193-B730C522261F}.MonoTouch|Any CPU.Build.0 = Release|Any CPU
		{BDB4336E-54F2-475D-8193-B730C522261F}.MonoTouch|Mixed Platforms.ActiveCfg = Release|Any CPU
		{BDB4336E-54F2-475D-8193-B730C522261F}.MonoTouch|Mixed Platforms.Build.0 = Release|Any CPU
		{BDB4336E-54F2-475D-8193-B730C522261F}.MonoTouch|x86.ActiveCfg = Release|Any CPU
		{BDB4336E-54F2-475D-8193-B730C522261F}.Release|Any CPU.ActiveCfg = Release|Any CPU
		{BDB4336E-54F2-475D-8193-B730C522261F}.Release|Any CPU.Build.0 = Release|Any CPU
		{BDB4336E-54F2-475D-8193-B730C522261F}.Release|Mixed Platforms.ActiveCfg = Release|Any CPU
		{BDB4336E-54F2-475D-8193-B730C522261F}.Release|Mixed Platforms.Build.0 = Release|Any CPU
		{BDB4336E-54F2-475D-8193-B730C522261F}.Release|x86.ActiveCfg = Release|Any CPU
		{BDB4336E-54F2-475D-8193-B730C522261F}.STATIC_ONLY NO_EXPRESSIONS|Any CPU.ActiveCfg = Release|Any CPU
		{BDB4336E-54F2-475D-8193-B730C522261F}.STATIC_ONLY NO_EXPRESSIONS|Any CPU.Build.0 = Release|Any CPU
		{BDB4336E-54F2-475D-8193-B730C522261F}.STATIC_ONLY NO_EXPRESSIONS|Mixed Platforms.ActiveCfg = Release|Any CPU
		{BDB4336E-54F2-475D-8193-B730C522261F}.STATIC_ONLY NO_EXPRESSIONS|Mixed Platforms.Build.0 = Release|Any CPU
		{BDB4336E-54F2-475D-8193-B730C522261F}.STATIC_ONLY NO_EXPRESSIONS|x86.ActiveCfg = Release|Any CPU
		{03D4FC07-C020-4A99-A60F-1CF906B5DD90}.Debug|Any CPU.ActiveCfg = Debug|x86
		{03D4FC07-C020-4A99-A60F-1CF906B5DD90}.Debug|Mixed Platforms.ActiveCfg = Debug|x86
		{03D4FC07-C020-4A99-A60F-1CF906B5DD90}.Debug|Mixed Platforms.Build.0 = Debug|x86
		{03D4FC07-C020-4A99-A60F-1CF906B5DD90}.Debug|x86.ActiveCfg = Debug|x86
		{03D4FC07-C020-4A99-A60F-1CF906B5DD90}.Debug|x86.Build.0 = Debug|x86
		{03D4FC07-C020-4A99-A60F-1CF906B5DD90}.MonoTouch|Any CPU.ActiveCfg = Release|x86
		{03D4FC07-C020-4A99-A60F-1CF906B5DD90}.MonoTouch|Mixed Platforms.ActiveCfg = Release|x86
		{03D4FC07-C020-4A99-A60F-1CF906B5DD90}.MonoTouch|Mixed Platforms.Build.0 = Release|x86
		{03D4FC07-C020-4A99-A60F-1CF906B5DD90}.MonoTouch|x86.ActiveCfg = Release|x86
		{03D4FC07-C020-4A99-A60F-1CF906B5DD90}.MonoTouch|x86.Build.0 = Release|x86
		{03D4FC07-C020-4A99-A60F-1CF906B5DD90}.Release|Any CPU.ActiveCfg = Release|x86
		{03D4FC07-C020-4A99-A60F-1CF906B5DD90}.Release|Mixed Platforms.ActiveCfg = Release|x86
		{03D4FC07-C020-4A99-A60F-1CF906B5DD90}.Release|Mixed Platforms.Build.0 = Release|x86
		{03D4FC07-C020-4A99-A60F-1CF906B5DD90}.Release|x86.ActiveCfg = Release|x86
		{03D4FC07-C020-4A99-A60F-1CF906B5DD90}.Release|x86.Build.0 = Release|x86
		{03D4FC07-C020-4A99-A60F-1CF906B5DD90}.STATIC_ONLY NO_EXPRESSIONS|Any CPU.ActiveCfg = Release|x86
		{03D4FC07-C020-4A99-A60F-1CF906B5DD90}.STATIC_ONLY NO_EXPRESSIONS|Mixed Platforms.ActiveCfg = Release|x86
		{03D4FC07-C020-4A99-A60F-1CF906B5DD90}.STATIC_ONLY NO_EXPRESSIONS|Mixed Platforms.Build.0 = Release|x86
		{03D4FC07-C020-4A99-A60F-1CF906B5DD90}.STATIC_ONLY NO_EXPRESSIONS|x86.ActiveCfg = Release|x86
		{03D4FC07-C020-4A99-A60F-1CF906B5DD90}.STATIC_ONLY NO_EXPRESSIONS|x86.Build.0 = Release|x86
		{76BAE755-C39E-49D2-995D-E3726A52F5C5}.Debug|Any CPU.ActiveCfg = Debug|x86
		{76BAE755-C39E-49D2-995D-E3726A52F5C5}.Debug|Mixed Platforms.ActiveCfg = Debug|x86
		{76BAE755-C39E-49D2-995D-E3726A52F5C5}.Debug|Mixed Platforms.Build.0 = Debug|x86
		{76BAE755-C39E-49D2-995D-E3726A52F5C5}.Debug|x86.ActiveCfg = Debug|x86
		{76BAE755-C39E-49D2-995D-E3726A52F5C5}.Debug|x86.Build.0 = Debug|x86
		{76BAE755-C39E-49D2-995D-E3726A52F5C5}.MonoTouch|Any CPU.ActiveCfg = Release|x86
		{76BAE755-C39E-49D2-995D-E3726A52F5C5}.MonoTouch|Mixed Platforms.ActiveCfg = Release|x86
		{76BAE755-C39E-49D2-995D-E3726A52F5C5}.MonoTouch|Mixed Platforms.Build.0 = Release|x86
		{76BAE755-C39E-49D2-995D-E3726A52F5C5}.MonoTouch|x86.ActiveCfg = Release|x86
		{76BAE755-C39E-49D2-995D-E3726A52F5C5}.MonoTouch|x86.Build.0 = Release|x86
		{76BAE755-C39E-49D2-995D-E3726A52F5C5}.Release|Any CPU.ActiveCfg = Release|x86
		{76BAE755-C39E-49D2-995D-E3726A52F5C5}.Release|Mixed Platforms.ActiveCfg = Release|x86
		{76BAE755-C39E-49D2-995D-E3726A52F5C5}.Release|Mixed Platforms.Build.0 = Release|x86
		{76BAE755-C39E-49D2-995D-E3726A52F5C5}.Release|x86.ActiveCfg = Release|x86
		{76BAE755-C39E-49D2-995D-E3726A52F5C5}.Release|x86.Build.0 = Release|x86
		{76BAE755-C39E-49D2-995D-E3726A52F5C5}.STATIC_ONLY NO_EXPRESSIONS|Any CPU.ActiveCfg = Release|x86
		{76BAE755-C39E-49D2-995D-E3726A52F5C5}.STATIC_ONLY NO_EXPRESSIONS|Mixed Platforms.ActiveCfg = Release|x86
		{76BAE755-C39E-49D2-995D-E3726A52F5C5}.STATIC_ONLY NO_EXPRESSIONS|Mixed Platforms.Build.0 = Release|x86
		{76BAE755-C39E-49D2-995D-E3726A52F5C5}.STATIC_ONLY NO_EXPRESSIONS|x86.ActiveCfg = Release|x86
		{76BAE755-C39E-49D2-995D-E3726A52F5C5}.STATIC_ONLY NO_EXPRESSIONS|x86.Build.0 = Release|x86
		{36365353-3D82-4D47-9897-E89BC188E4CB}.Debug|Any CPU.ActiveCfg = Debug|Any CPU
		{36365353-3D82-4D47-9897-E89BC188E4CB}.Debug|Any CPU.Build.0 = Debug|Any CPU
		{36365353-3D82-4D47-9897-E89BC188E4CB}.Debug|Mixed Platforms.ActiveCfg = Debug|Any CPU
		{36365353-3D82-4D47-9897-E89BC188E4CB}.Debug|Mixed Platforms.Build.0 = Debug|Any CPU
		{36365353-3D82-4D47-9897-E89BC188E4CB}.Debug|x86.ActiveCfg = Debug|Any CPU
		{36365353-3D82-4D47-9897-E89BC188E4CB}.MonoTouch|Any CPU.ActiveCfg = Release|Any CPU
		{36365353-3D82-4D47-9897-E89BC188E4CB}.MonoTouch|Any CPU.Build.0 = Release|Any CPU
		{36365353-3D82-4D47-9897-E89BC188E4CB}.MonoTouch|Mixed Platforms.ActiveCfg = Release|Any CPU
		{36365353-3D82-4D47-9897-E89BC188E4CB}.MonoTouch|Mixed Platforms.Build.0 = Release|Any CPU
		{36365353-3D82-4D47-9897-E89BC188E4CB}.MonoTouch|x86.ActiveCfg = Release|Any CPU
		{36365353-3D82-4D47-9897-E89BC188E4CB}.Release|Any CPU.ActiveCfg = Release|Any CPU
		{36365353-3D82-4D47-9897-E89BC188E4CB}.Release|Any CPU.Build.0 = Release|Any CPU
		{36365353-3D82-4D47-9897-E89BC188E4CB}.Release|Mixed Platforms.ActiveCfg = Release|Any CPU
		{36365353-3D82-4D47-9897-E89BC188E4CB}.Release|Mixed Platforms.Build.0 = Release|Any CPU
		{36365353-3D82-4D47-9897-E89BC188E4CB}.Release|x86.ActiveCfg = Release|Any CPU
		{36365353-3D82-4D47-9897-E89BC188E4CB}.STATIC_ONLY NO_EXPRESSIONS|Any CPU.ActiveCfg = Release|Any CPU
		{36365353-3D82-4D47-9897-E89BC188E4CB}.STATIC_ONLY NO_EXPRESSIONS|Any CPU.Build.0 = Release|Any CPU
		{36365353-3D82-4D47-9897-E89BC188E4CB}.STATIC_ONLY NO_EXPRESSIONS|Mixed Platforms.ActiveCfg = Release|Any CPU
		{36365353-3D82-4D47-9897-E89BC188E4CB}.STATIC_ONLY NO_EXPRESSIONS|Mixed Platforms.Build.0 = Release|Any CPU
		{36365353-3D82-4D47-9897-E89BC188E4CB}.STATIC_ONLY NO_EXPRESSIONS|x86.ActiveCfg = Release|Any CPU
	EndGlobalSection
	GlobalSection(SolutionProperties) = preSolution
		HideSolutionNode = FALSE
	EndGlobalSection
	GlobalSection(NestedProjects) = preSolution
		{BDB4336E-54F2-475D-8193-B730C522261F} = {62B53C02-E387-4726-8A0A-40DA30D61D74}
		{37FBDBE1-8524-4489-B082-CC109B0F5EA3} = {62B53C02-E387-4726-8A0A-40DA30D61D74}
	EndGlobalSection
EndGlobal
